// !$*UTF8*$!
{
	archiveVersion = 1;
	classes = {
	};
	objectVersion = 56;
	objects = {

/* Begin PBXBuildFile section */
		630B176229AA6FDD00B51C45 /* SwiftConcurrenncyBootcampApp.swift in Sources */ = {isa = PBXBuildFile; fileRef = 630B176129AA6FDD00B51C45 /* SwiftConcurrenncyBootcampApp.swift */; };
		630B176429AA6FDD00B51C45 /* ContentView.swift in Sources */ = {isa = PBXBuildFile; fileRef = 630B176329AA6FDD00B51C45 /* ContentView.swift */; };
		630B176629AA6FDF00B51C45 /* Assets.xcassets in Resources */ = {isa = PBXBuildFile; fileRef = 630B176529AA6FDF00B51C45 /* Assets.xcassets */; };
		630B176929AA6FDF00B51C45 /* Preview Assets.xcassets in Resources */ = {isa = PBXBuildFile; fileRef = 630B176829AA6FDF00B51C45 /* Preview Assets.xcassets */; };
		630B177029AA703200B51C45 /* DoCatchTryThrowsBootcamp.swift in Sources */ = {isa = PBXBuildFile; fileRef = 630B176F29AA703200B51C45 /* DoCatchTryThrowsBootcamp.swift */; };
		630B177229AA999600B51C45 /* DownloadImageAsync.swift in Sources */ = {isa = PBXBuildFile; fileRef = 630B177129AA999600B51C45 /* DownloadImageAsync.swift */; };
		630B177429ACF1A600B51C45 /* AsyncAwaitBootcamp.swift in Sources */ = {isa = PBXBuildFile; fileRef = 630B177329ACF1A600B51C45 /* AsyncAwaitBootcamp.swift */; };
		630B177629AD017C00B51C45 /* TaskBootcamp.swift in Sources */ = {isa = PBXBuildFile; fileRef = 630B177529AD017C00B51C45 /* TaskBootcamp.swift */; };
		635C1C6D29BFC0600096FD7F /* GlobalActorBootcamp.swift in Sources */ = {isa = PBXBuildFile; fileRef = 635C1C6C29BFC0600096FD7F /* GlobalActorBootcamp.swift */; };
		635C1C6F29C0B67B0096FD7F /* SendableBootcamp.swift in Sources */ = {isa = PBXBuildFile; fileRef = 635C1C6E29C0B67B0096FD7F /* SendableBootcamp.swift */; };
		635C1C7129C0BCC30096FD7F /* AsyncPublisherBootcamp.swift in Sources */ = {isa = PBXBuildFile; fileRef = 635C1C7029C0BCC30096FD7F /* AsyncPublisherBootcamp.swift */; };
		637796E329B8D8C400965D11 /* AsyncLetBootcamp.swift in Sources */ = {isa = PBXBuildFile; fileRef = 637796E229B8D8C400965D11 /* AsyncLetBootcamp.swift */; };
		637796E529B8EAA500965D11 /* TaskGroupBootcamp.swift in Sources */ = {isa = PBXBuildFile; fileRef = 637796E429B8EAA500965D11 /* TaskGroupBootcamp.swift */; };
		637796E729B904F400965D11 /* CheckedContinuationBootcamp.swift in Sources */ = {isa = PBXBuildFile; fileRef = 637796E629B904F400965D11 /* CheckedContinuationBootcamp.swift */; };
		6377970329BE352000965D11 /* StructClassActorBootcamp.swift in Sources */ = {isa = PBXBuildFile; fileRef = 6377970229BE352000965D11 /* StructClassActorBootcamp.swift */; };
		6377970529BF752300965D11 /* ActorsBootcamp.swift in Sources */ = {isa = PBXBuildFile; fileRef = 6377970429BF752300965D11 /* ActorsBootcamp.swift */; };
/* End PBXBuildFile section */

/* Begin PBXFileReference section */
		630B175E29AA6FDD00B51C45 /* SwiftConcurrenncyBootcamp.app */ = {isa = PBXFileReference; explicitFileType = wrapper.application; includeInIndex = 0; path = SwiftConcurrenncyBootcamp.app; sourceTree = BUILT_PRODUCTS_DIR; };
		630B176129AA6FDD00B51C45 /* SwiftConcurrenncyBootcampApp.swift */ = {isa = PBXFileReference; lastKnownFileType = sourcecode.swift; path = SwiftConcurrenncyBootcampApp.swift; sourceTree = "<group>"; };
		630B176329AA6FDD00B51C45 /* ContentView.swift */ = {isa = PBXFileReference; lastKnownFileType = sourcecode.swift; path = ContentView.swift; sourceTree = "<group>"; };
		630B176529AA6FDF00B51C45 /* Assets.xcassets */ = {isa = PBXFileReference; lastKnownFileType = folder.assetcatalog; path = Assets.xcassets; sourceTree = "<group>"; };
		630B176829AA6FDF00B51C45 /* Preview Assets.xcassets */ = {isa = PBXFileReference; lastKnownFileType = folder.assetcatalog; path = "Preview Assets.xcassets"; sourceTree = "<group>"; };
		630B176F29AA703200B51C45 /* DoCatchTryThrowsBootcamp.swift */ = {isa = PBXFileReference; lastKnownFileType = sourcecode.swift; path = DoCatchTryThrowsBootcamp.swift; sourceTree = "<group>"; };
		630B177129AA999600B51C45 /* DownloadImageAsync.swift */ = {isa = PBXFileReference; lastKnownFileType = sourcecode.swift; path = DownloadImageAsync.swift; sourceTree = "<group>"; };
		630B177329ACF1A600B51C45 /* AsyncAwaitBootcamp.swift */ = {isa = PBXFileReference; lastKnownFileType = sourcecode.swift; path = AsyncAwaitBootcamp.swift; sourceTree = "<group>"; };
		630B177529AD017C00B51C45 /* TaskBootcamp.swift */ = {isa = PBXFileReference; lastKnownFileType = sourcecode.swift; path = TaskBootcamp.swift; sourceTree = "<group>"; };
		635C1C6C29BFC0600096FD7F /* GlobalActorBootcamp.swift */ = {isa = PBXFileReference; lastKnownFileType = sourcecode.swift; path = GlobalActorBootcamp.swift; sourceTree = "<group>"; };
		635C1C6E29C0B67B0096FD7F /* SendableBootcamp.swift */ = {isa = PBXFileReference; lastKnownFileType = sourcecode.swift; path = SendableBootcamp.swift; sourceTree = "<group>"; };
		635C1C7029C0BCC30096FD7F /* AsyncPublisherBootcamp.swift */ = {isa = PBXFileReference; lastKnownFileType = sourcecode.swift; path = AsyncPublisherBootcamp.swift; sourceTree = "<group>"; };
		637796E229B8D8C400965D11 /* AsyncLetBootcamp.swift */ = {isa = PBXFileReference; lastKnownFileType = sourcecode.swift; path = AsyncLetBootcamp.swift; sourceTree = "<group>"; };
		637796E429B8EAA500965D11 /* TaskGroupBootcamp.swift */ = {isa = PBXFileReference; lastKnownFileType = sourcecode.swift; path = TaskGroupBootcamp.swift; sourceTree = "<group>"; };
		637796E629B904F400965D11 /* CheckedContinuationBootcamp.swift */ = {isa = PBXFileReference; lastKnownFileType = sourcecode.swift; path = CheckedContinuationBootcamp.swift; sourceTree = "<group>"; };
		6377970229BE352000965D11 /* StructClassActorBootcamp.swift */ = {isa = PBXFileReference; lastKnownFileType = sourcecode.swift; path = StructClassActorBootcamp.swift; sourceTree = "<group>"; };
		6377970429BF752300965D11 /* ActorsBootcamp.swift */ = {isa = PBXFileReference; lastKnownFileType = sourcecode.swift; path = ActorsBootcamp.swift; sourceTree = "<group>"; };
/* End PBXFileReference section */

/* Begin PBXFrameworksBuildPhase section */
		630B175B29AA6FDD00B51C45 /* Frameworks */ = {
			isa = PBXFrameworksBuildPhase;
			buildActionMask = 2147483647;
			files = (
			);
			runOnlyForDeploymentPostprocessing = 0;
		};
/* End PBXFrameworksBuildPhase section */

/* Begin PBXGroup section */
		630B175529AA6FDD00B51C45 = {
			isa = PBXGroup;
			children = (
				630B176029AA6FDD00B51C45 /* SwiftConcurrenncyBootcamp */,
				630B175F29AA6FDD00B51C45 /* Products */,
			);
			sourceTree = "<group>";
		};
		630B175F29AA6FDD00B51C45 /* Products */ = {
			isa = PBXGroup;
			children = (
				630B175E29AA6FDD00B51C45 /* SwiftConcurrenncyBootcamp.app */,
			);
			name = Products;
			sourceTree = "<group>";
		};
		630B176029AA6FDD00B51C45 /* SwiftConcurrenncyBootcamp */ = {
			isa = PBXGroup;
			children = (
				630B176129AA6FDD00B51C45 /* SwiftConcurrenncyBootcampApp.swift */,
				630B176329AA6FDD00B51C45 /* ContentView.swift */,
				630B176F29AA703200B51C45 /* DoCatchTryThrowsBootcamp.swift */,
				630B177129AA999600B51C45 /* DownloadImageAsync.swift */,
				630B177329ACF1A600B51C45 /* AsyncAwaitBootcamp.swift */,
				630B177529AD017C00B51C45 /* TaskBootcamp.swift */,
				637796E229B8D8C400965D11 /* AsyncLetBootcamp.swift */,
				637796E429B8EAA500965D11 /* TaskGroupBootcamp.swift */,
				637796E629B904F400965D11 /* CheckedContinuationBootcamp.swift */,
				6377970229BE352000965D11 /* StructClassActorBootcamp.swift */,
				6377970429BF752300965D11 /* ActorsBootcamp.swift */,
				635C1C6C29BFC0600096FD7F /* GlobalActorBootcamp.swift */,
				635C1C6E29C0B67B0096FD7F /* SendableBootcamp.swift */,
				635C1C7029C0BCC30096FD7F /* AsyncPublisherBootcamp.swift */,
				630B176529AA6FDF00B51C45 /* Assets.xcassets */,
				630B176729AA6FDF00B51C45 /* Preview Content */,
			);
			path = SwiftConcurrenncyBootcamp;
			sourceTree = "<group>";
		};
		630B176729AA6FDF00B51C45 /* Preview Content */ = {
			isa = PBXGroup;
			children = (
				630B176829AA6FDF00B51C45 /* Preview Assets.xcassets */,
			);
			path = "Preview Content";
			sourceTree = "<group>";
		};
/* End PBXGroup section */

/* Begin PBXNativeTarget section */
		630B175D29AA6FDD00B51C45 /* SwiftConcurrenncyBootcamp */ = {
			isa = PBXNativeTarget;
			buildConfigurationList = 630B176C29AA6FDF00B51C45 /* Build configuration list for PBXNativeTarget "SwiftConcurrenncyBootcamp" */;
			buildPhases = (
				630B175A29AA6FDD00B51C45 /* Sources */,
				630B175B29AA6FDD00B51C45 /* Frameworks */,
				630B175C29AA6FDD00B51C45 /* Resources */,
			);
			buildRules = (
			);
			dependencies = (
			);
			name = SwiftConcurrenncyBootcamp;
			productName = SwiftConcurrenncyBootcamp;
			productReference = 630B175E29AA6FDD00B51C45 /* SwiftConcurrenncyBootcamp.app */;
			productType = "com.apple.product-type.application";
		};
/* End PBXNativeTarget section */

/* Begin PBXProject section */
		630B175629AA6FDD00B51C45 /* Project object */ = {
			isa = PBXProject;
			attributes = {
				BuildIndependentTargetsInParallel = 1;
				LastSwiftUpdateCheck = 1420;
				LastUpgradeCheck = 1420;
				TargetAttributes = {
					630B175D29AA6FDD00B51C45 = {
						CreatedOnToolsVersion = 14.2;
					};
				};
			};
			buildConfigurationList = 630B175929AA6FDD00B51C45 /* Build configuration list for PBXProject "SwiftConcurrenncyBootcamp" */;
			compatibilityVersion = "Xcode 14.0";
			developmentRegion = en;
			hasScannedForEncodings = 0;
			knownRegions = (
				en,
				Base,
			);
			mainGroup = 630B175529AA6FDD00B51C45;
			productRefGroup = 630B175F29AA6FDD00B51C45 /* Products */;
			projectDirPath = "";
			projectRoot = "";
			targets = (
				630B175D29AA6FDD00B51C45 /* SwiftConcurrenncyBootcamp */,
			);
		};
/* End PBXProject section */

/* Begin PBXResourcesBuildPhase section */
		630B175C29AA6FDD00B51C45 /* Resources */ = {
			isa = PBXResourcesBuildPhase;
			buildActionMask = 2147483647;
			files = (
				630B176929AA6FDF00B51C45 /* Preview Assets.xcassets in Resources */,
				630B176629AA6FDF00B51C45 /* Assets.xcassets in Resources */,
			);
			runOnlyForDeploymentPostprocessing = 0;
		};
/* End PBXResourcesBuildPhase section */

/* Begin PBXSourcesBuildPhase section */
		630B175A29AA6FDD00B51C45 /* Sources */ = {
			isa = PBXSourcesBuildPhase;
			buildActionMask = 2147483647;
			files = (
				630B177229AA999600B51C45 /* DownloadImageAsync.swift in Sources */,
				630B177029AA703200B51C45 /* DoCatchTryThrowsBootcamp.swift in Sources */,
				630B176429AA6FDD00B51C45 /* ContentView.swift in Sources */,
				635C1C6F29C0B67B0096FD7F /* SendableBootcamp.swift in Sources */,
				6377970529BF752300965D11 /* ActorsBootcamp.swift in Sources */,
				637796E729B904F400965D11 /* CheckedContinuationBootcamp.swift in Sources */,
				6377970329BE352000965D11 /* StructClassActorBootcamp.swift in Sources */,
				630B177629AD017C00B51C45 /* TaskBootcamp.swift in Sources */,
				635C1C6D29BFC0600096FD7F /* GlobalActorBootcamp.swift in Sources */,
				630B177429ACF1A600B51C45 /* AsyncAwaitBootcamp.swift in Sources */,
				635C1C7129C0BCC30096FD7F /* AsyncPublisherBootcamp.swift in Sources */,
				630B176229AA6FDD00B51C45 /* SwiftConcurrenncyBootcampApp.swift in Sources */,
				637796E329B8D8C400965D11 /* AsyncLetBootcamp.swift in Sources */,
				637796E529B8EAA500965D11 /* TaskGroupBootcamp.swift in Sources */,
			);
			runOnlyForDeploymentPostprocessing = 0;
		};
/* End PBXSourcesBuildPhase section */

/* Begin XCBuildConfiguration section */
		630B176A29AA6FDF00B51C45 /* Debug */ = {
			isa = XCBuildConfiguration;
			buildSettings = {
				ALWAYS_SEARCH_USER_PATHS = NO;
				CLANG_ANALYZER_NONNULL = YES;
				CLANG_ANALYZER_NUMBER_OBJECT_CONVERSION = YES_AGGRESSIVE;
				CLANG_CXX_LANGUAGE_STANDARD = "gnu++20";
				CLANG_ENABLE_MODULES = YES;
				CLANG_ENABLE_OBJC_ARC = YES;
				CLANG_ENABLE_OBJC_WEAK = YES;
				CLANG_WARN_BLOCK_CAPTURE_AUTORELEASING = YES;
				CLANG_WARN_BOOL_CONVERSION = YES;
				CLANG_WARN_COMMA = YES;
				CLANG_WARN_CONSTANT_CONVERSION = YES;
				CLANG_WARN_DEPRECATED_OBJC_IMPLEMENTATIONS = YES;
				CLANG_WARN_DIRECT_OBJC_ISA_USAGE = YES_ERROR;
				CLANG_WARN_DOCUMENTATION_COMMENTS = YES;
				CLANG_WARN_EMPTY_BODY = YES;
				CLANG_WARN_ENUM_CONVERSION = YES;
				CLANG_WARN_INFINITE_RECURSION = YES;
				CLANG_WARN_INT_CONVERSION = YES;
				CLANG_WARN_NON_LITERAL_NULL_CONVERSION = YES;
				CLANG_WARN_OBJC_IMPLICIT_RETAIN_SELF = YES;
				CLANG_WARN_OBJC_LITERAL_CONVERSION = YES;
				CLANG_WARN_OBJC_ROOT_CLASS = YES_ERROR;
				CLANG_WARN_QUOTED_INCLUDE_IN_FRAMEWORK_HEADER = YES;
				CLANG_WARN_RANGE_LOOP_ANALYSIS = YES;
				CLANG_WARN_STRICT_PROTOTYPES = YES;
				CLANG_WARN_SUSPICIOUS_MOVE = YES;
				CLANG_WARN_UNGUARDED_AVAILABILITY = YES_AGGRESSIVE;
				CLANG_WARN_UNREACHABLE_CODE = YES;
				CLANG_WARN__DUPLICATE_METHOD_MATCH = YES;
				COPY_PHASE_STRIP = NO;
				DEBUG_INFORMATION_FORMAT = dwarf;
				ENABLE_STRICT_OBJC_MSGSEND = YES;
				ENABLE_TESTABILITY = YES;
				GCC_C_LANGUAGE_STANDARD = gnu11;
				GCC_DYNAMIC_NO_PIC = NO;
				GCC_NO_COMMON_BLOCKS = YES;
				GCC_OPTIMIZATION_LEVEL = 0;
				GCC_PREPROCESSOR_DEFINITIONS = (
					"DEBUG=1",
					"$(inherited)",
				);
				GCC_WARN_64_TO_32_BIT_CONVERSION = YES;
				GCC_WARN_ABOUT_RETURN_TYPE = YES_ERROR;
				GCC_WARN_UNDECLARED_SELECTOR = YES;
				GCC_WARN_UNINITIALIZED_AUTOS = YES_AGGRESSIVE;
				GCC_WARN_UNUSED_FUNCTION = YES;
				GCC_WARN_UNUSED_VARIABLE = YES;
				IPHONEOS_DEPLOYMENT_TARGET = 16.2;
				MTL_ENABLE_DEBUG_INFO = INCLUDE_SOURCE;
				MTL_FAST_MATH = YES;
				ONLY_ACTIVE_ARCH = YES;
				SDKROOT = iphoneos;
				SWIFT_ACTIVE_COMPILATION_CONDITIONS = DEBUG;
				SWIFT_OPTIMIZATION_LEVEL = "-Onone";
			};
			name = Debug;
		};
		630B176B29AA6FDF00B51C45 /* Release */ = {
			isa = XCBuildConfiguration;
			buildSettings = {
				ALWAYS_SEARCH_USER_PATHS = NO;
				CLANG_ANALYZER_NONNULL = YES;
				CLANG_ANALYZER_NUMBER_OBJECT_CONVERSION = YES_AGGRESSIVE;
				CLANG_CXX_LANGUAGE_STANDARD = "gnu++20";
				CLANG_ENABLE_MODULES = YES;
				CLANG_ENABLE_OBJC_ARC = YES;
				CLANG_ENABLE_OBJC_WEAK = YES;
				CLANG_WARN_BLOCK_CAPTURE_AUTORELEASING = YES;
				CLANG_WARN_BOOL_CONVERSION = YES;
				CLANG_WARN_COMMA = YES;
				CLANG_WARN_CONSTANT_CONVERSION = YES;
				CLANG_WARN_DEPRECATED_OBJC_IMPLEMENTATIONS = YES;
				CLANG_WARN_DIRECT_OBJC_ISA_USAGE = YES_ERROR;
				CLANG_WARN_DOCUMENTATION_COMMENTS = YES;
				CLANG_WARN_EMPTY_BODY = YES;
				CLANG_WARN_ENUM_CONVERSION = YES;
				CLANG_WARN_INFINITE_RECURSION = YES;
				CLANG_WARN_INT_CONVERSION = YES;
				CLANG_WARN_NON_LITERAL_NULL_CONVERSION = YES;
				CLANG_WARN_OBJC_IMPLICIT_RETAIN_SELF = YES;
				CLANG_WARN_OBJC_LITERAL_CONVERSION = YES;
				CLANG_WARN_OBJC_ROOT_CLASS = YES_ERROR;
				CLANG_WARN_QUOTED_INCLUDE_IN_FRAMEWORK_HEADER = YES;
				CLANG_WARN_RANGE_LOOP_ANALYSIS = YES;
				CLANG_WARN_STRICT_PROTOTYPES = YES;
				CLANG_WARN_SUSPICIOUS_MOVE = YES;
				CLANG_WARN_UNGUARDED_AVAILABILITY = YES_AGGRESSIVE;
				CLANG_WARN_UNREACHABLE_CODE = YES;
				CLANG_WARN__DUPLICATE_METHOD_MATCH = YES;
				COPY_PHASE_STRIP = NO;
				DEBUG_INFORMATION_FORMAT = "dwarf-with-dsym";
				ENABLE_NS_ASSERTIONS = NO;
				ENABLE_STRICT_OBJC_MSGSEND = YES;
				GCC_C_LANGUAGE_STANDARD = gnu11;
				GCC_NO_COMMON_BLOCKS = YES;
				GCC_WARN_64_TO_32_BIT_CONVERSION = YES;
				GCC_WARN_ABOUT_RETURN_TYPE = YES_ERROR;
				GCC_WARN_UNDECLARED_SELECTOR = YES;
				GCC_WARN_UNINITIALIZED_AUTOS = YES_AGGRESSIVE;
				GCC_WARN_UNUSED_FUNCTION = YES;
				GCC_WARN_UNUSED_VARIABLE = YES;
				IPHONEOS_DEPLOYMENT_TARGET = 16.2;
				MTL_ENABLE_DEBUG_INFO = NO;
				MTL_FAST_MATH = YES;
				SDKROOT = iphoneos;
				SWIFT_COMPILATION_MODE = wholemodule;
				SWIFT_OPTIMIZATION_LEVEL = "-O";
				VALIDATE_PRODUCT = YES;
			};
			name = Release;
		};
		630B176D29AA6FDF00B51C45 /* Debug */ = {
			isa = XCBuildConfiguration;
			buildSettings = {
				ASSETCATALOG_COMPILER_APPICON_NAME = AppIcon;
				ASSETCATALOG_COMPILER_GLOBAL_ACCENT_COLOR_NAME = AccentColor;
				CODE_SIGN_STYLE = Automatic;
				CURRENT_PROJECT_VERSION = 1;
				DEVELOPMENT_ASSET_PATHS = "\"SwiftConcurrenncyBootcamp/Preview Content\"";
				ENABLE_PREVIEWS = YES;
				GENERATE_INFOPLIST_FILE = YES;
				INFOPLIST_KEY_UIApplicationSceneManifest_Generation = YES;
				INFOPLIST_KEY_UIApplicationSupportsIndirectInputEvents = YES;
				INFOPLIST_KEY_UILaunchScreen_Generation = YES;
				INFOPLIST_KEY_UISupportedInterfaceOrientations_iPad = "UIInterfaceOrientationPortrait UIInterfaceOrientationPortraitUpsideDown UIInterfaceOrientationLandscapeLeft UIInterfaceOrientationLandscapeRight";
				INFOPLIST_KEY_UISupportedInterfaceOrientations_iPhone = "UIInterfaceOrientationPortrait UIInterfaceOrientationLandscapeLeft UIInterfaceOrientationLandscapeRight";
				LD_RUNPATH_SEARCH_PATHS = (
					"$(inherited)",
					"@executable_path/Frameworks",
				);
				MARKETING_VERSION = 1.0;
				PRODUCT_BUNDLE_IDENTIFIER = pavloMoroz.SwiftConcurrenncyBootcamp;
				PRODUCT_NAME = "$(TARGET_NAME)";
				SWIFT_EMIT_LOC_STRINGS = YES;
				SWIFT_VERSION = 5.0;
				TARGETED_DEVICE_FAMILY = "1,2";
			};
			name = Debug;
		};
		630B176E29AA6FDF00B51C45 /* Release */ = {
			isa = XCBuildConfiguration;
			buildSettings = {
				ASSETCATALOG_COMPILER_APPICON_NAME = AppIcon;
				ASSETCATALOG_COMPILER_GLOBAL_ACCENT_COLOR_NAME = AccentColor;
				CODE_SIGN_STYLE = Automatic;
				CURRENT_PROJECT_VERSION = 1;
				DEVELOPMENT_ASSET_PATHS = "\"SwiftConcurrenncyBootcamp/Preview Content\"";
				ENABLE_PREVIEWS = YES;
				GENERATE_INFOPLIST_FILE = YES;
				INFOPLIST_KEY_UIApplicationSceneManifest_Generation = YES;
				INFOPLIST_KEY_UIApplicationSupportsIndirectInputEvents = YES;
				INFOPLIST_KEY_UILaunchScreen_Generation = YES;
				INFOPLIST_KEY_UISupportedInterfaceOrientations_iPad = "UIInterfaceOrientationPortrait UIInterfaceOrientationPortraitUpsideDown UIInterfaceOrientationLandscapeLeft UIInterfaceOrientationLandscapeRight";
				INFOPLIST_KEY_UISupportedInterfaceOrientations_iPhone = "UIInterfaceOrientationPortrait UIInterfaceOrientationLandscapeLeft UIInterfaceOrientationLandscapeRight";
				LD_RUNPATH_SEARCH_PATHS = (
					"$(inherited)",
					"@executable_path/Frameworks",
				);
				MARKETING_VERSION = 1.0;
				PRODUCT_BUNDLE_IDENTIFIER = pavloMoroz.SwiftConcurrenncyBootcamp;
				PRODUCT_NAME = "$(TARGET_NAME)";
				SWIFT_EMIT_LOC_STRINGS = YES;
				SWIFT_VERSION = 5.0;
				TARGETED_DEVICE_FAMILY = "1,2";
			};
			name = Release;
		};
/* End XCBuildConfiguration section */

/* Begin XCConfigurationList section */
		630B175929AA6FDD00B51C45 /* Build configuration list for PBXProject "SwiftConcurrenncyBootcamp" */ = {
			isa = XCConfigurationList;
			buildConfigurations = (
				630B176A29AA6FDF00B51C45 /* Debug */,
				630B176B29AA6FDF00B51C45 /* Release */,
			);
			defaultConfigurationIsVisible = 0;
			defaultConfigurationName = Release;
		};
		630B176C29AA6FDF00B51C45 /* Build configuration list for PBXNativeTarget "SwiftConcurrenncyBootcamp" */ = {
			isa = XCConfigurationList;
			buildConfigurations = (
				630B176D29AA6FDF00B51C45 /* Debug */,
				630B176E29AA6FDF00B51C45 /* Release */,
			);
			defaultConfigurationIsVisible = 0;
			defaultConfigurationName = Release;
		};
/* End XCConfigurationList section */
	};
	rootObject = 630B175629AA6FDD00B51C45 /* Project object */;
}
